
Microsoft Visual Studio Solution File, Format Version 12.00
# Visual Studio Version 17
VisualStudioVersion = 17.10.35027.167
MinimumVisualStudioVersion = 10.0.40219.1
Project("{FAE04EC0-301F-11D3-BF4B-00C04F79EFBC}") = "9_12Demo", "9_12Demo.csproj", "{A47C7E46-E2B5-4C43-BFD5-993011D96A40}"
EndProject
Global
	GlobalSection(SolutionConfigurationPlatforms) = preSolution
		Debug|Any CPU = Debug|Any CPU
		Release|Any CPU = Release|Any CPU
	EndGlobalSection
	GlobalSection(ProjectConfigurationPlatforms) = postSolution
		{A47C7E46-E2B5-4C43-BFD5-993011D96A40}.Debug|Any CPU.ActiveCfg = Debug|Any CPU
		{A47C7E46-E2B5-4C43-BFD5-993011D96A40}.Debug|Any CPU.Build.0 = Debug|Any CPU
		{A47C7E46-E2B5-4C43-BFD5-993011D96A40}.Release|Any CPU.ActiveCfg = Release|Any CPU
		{A47C7E46-E2B5-4C43-BFD5-993011D96A40}.Release|Any CPU.Build.0 = Release|Any CPU
	EndGlobalSection
	GlobalSection(SolutionProperties) = preSolution
		HideSolutionNode = FALSE
	EndGlobalSection
	GlobalSection(ExtensibilityGlobals) = postSolution
		SolutionGuid = {820D45DB-B0B5-4400-A90D-A2F459B8A42F}
	EndGlobalSection
EndGlobal
