
Microsoft Visual Studio Solution File, Format Version 12.00
# Visual Studio Version 17
VisualStudioVersion = 17.10.35027.167
MinimumVisualStudioVersion = 10.0.40219.1
Project("{FAE04EC0-301F-11D3-BF4B-00C04F79EFBC}") = "HW_StatsAnalysis_Zhang", "HW_StatsAnalysis_Zhang.csproj", "{7A84C66E-1E4C-4992-BB06-28C0808F2DA6}"
EndProject
Global
	GlobalSection(SolutionConfigurationPlatforms) = preSolution
		Debug|Any CPU = Debug|Any CPU
		Release|Any CPU = Release|Any CPU
	EndGlobalSection
	GlobalSection(ProjectConfigurationPlatforms) = postSolution
		{7A84C66E-1E4C-4992-BB06-28C0808F2DA6}.Debug|Any CPU.ActiveCfg = Debug|Any CPU
		{7A84C66E-1E4C-4992-BB06-28C0808F2DA6}.Debug|Any CPU.Build.0 = Debug|Any CPU
		{7A84C66E-1E4C-4992-BB06-28C0808F2DA6}.Release|Any CPU.ActiveCfg = Release|Any CPU
		{7A84C66E-1E4C-4992-BB06-28C0808F2DA6}.Release|Any CPU.Build.0 = Release|Any CPU
	EndGlobalSection
	GlobalSection(SolutionProperties) = preSolution
		HideSolutionNode = FALSE
	EndGlobalSection
	GlobalSection(ExtensibilityGlobals) = postSolution
		SolutionGuid = {62F0CC8F-6743-433C-A871-C87C3E4ACE07}
	EndGlobalSection
EndGlobal
