
Microsoft Visual Studio Solution File, Format Version 12.00
# Visual Studio Version 17
VisualStudioVersion = 17.10.35027.167
MinimumVisualStudioVersion = 10.0.40219.1
Project("{FAE04EC0-301F-11D3-BF4B-00C04F79EFBC}") = "PE_StaticHelperMethods_Zhang", "PE_StaticHelperMethods_Zhang.csproj", "{AE3CBCDE-C92E-4650-BC7D-AFE280851575}"
EndProject
Global
	GlobalSection(SolutionConfigurationPlatforms) = preSolution
		Debug|Any CPU = Debug|Any CPU
		Release|Any CPU = Release|Any CPU
	EndGlobalSection
	GlobalSection(ProjectConfigurationPlatforms) = postSolution
		{AE3CBCDE-C92E-4650-BC7D-AFE280851575}.Debug|Any CPU.ActiveCfg = Debug|Any CPU
		{AE3CBCDE-C92E-4650-BC7D-AFE280851575}.Debug|Any CPU.Build.0 = Debug|Any CPU
		{AE3CBCDE-C92E-4650-BC7D-AFE280851575}.Release|Any CPU.ActiveCfg = Release|Any CPU
		{AE3CBCDE-C92E-4650-BC7D-AFE280851575}.Release|Any CPU.Build.0 = Release|Any CPU
	EndGlobalSection
	GlobalSection(SolutionProperties) = preSolution
		HideSolutionNode = FALSE
	EndGlobalSection
	GlobalSection(ExtensibilityGlobals) = postSolution
		SolutionGuid = {EE665044-0654-49A7-A582-FB838C84A33F}
	EndGlobalSection
EndGlobal
