
Microsoft Visual Studio Solution File, Format Version 12.00
# Visual Studio Version 17
VisualStudioVersion = 17.10.35027.167
MinimumVisualStudioVersion = 10.0.40219.1
Project("{FAE04EC0-301F-11D3-BF4B-00C04F79EFBC}") = "PE_GuessingGame_Zhang", "PE_GuessingGame_Zhang.csproj", "{3B19EC51-980F-4CA0-86C6-09A823B524DA}"
EndProject
Global
	GlobalSection(SolutionConfigurationPlatforms) = preSolution
		Debug|Any CPU = Debug|Any CPU
		Release|Any CPU = Release|Any CPU
	EndGlobalSection
	GlobalSection(ProjectConfigurationPlatforms) = postSolution
		{3B19EC51-980F-4CA0-86C6-09A823B524DA}.Debug|Any CPU.ActiveCfg = Debug|Any CPU
		{3B19EC51-980F-4CA0-86C6-09A823B524DA}.Debug|Any CPU.Build.0 = Debug|Any CPU
		{3B19EC51-980F-4CA0-86C6-09A823B524DA}.Release|Any CPU.ActiveCfg = Release|Any CPU
		{3B19EC51-980F-4CA0-86C6-09A823B524DA}.Release|Any CPU.Build.0 = Release|Any CPU
	EndGlobalSection
	GlobalSection(SolutionProperties) = preSolution
		HideSolutionNode = FALSE
	EndGlobalSection
	GlobalSection(ExtensibilityGlobals) = postSolution
		SolutionGuid = {C22DF490-C398-466D-B125-026768BA24B9}
	EndGlobalSection
EndGlobal
