
Microsoft Visual Studio Solution File, Format Version 12.00
# Visual Studio Version 17
VisualStudioVersion = 17.10.35027.167
MinimumVisualStudioVersion = 10.0.40219.1
Project("{FAE04EC0-301F-11D3-BF4B-00C04F79EFBC}") = "PE_Loops_Zhang", "PE_Loops_Zhang.csproj", "{E9810A9D-ADDC-410D-8FA6-85809AFFEDAC}"
EndProject
Global
	GlobalSection(SolutionConfigurationPlatforms) = preSolution
		Debug|Any CPU = Debug|Any CPU
		Release|Any CPU = Release|Any CPU
	EndGlobalSection
	GlobalSection(ProjectConfigurationPlatforms) = postSolution
		{E9810A9D-ADDC-410D-8FA6-85809AFFEDAC}.Debug|Any CPU.ActiveCfg = Debug|Any CPU
		{E9810A9D-ADDC-410D-8FA6-85809AFFEDAC}.Debug|Any CPU.Build.0 = Debug|Any CPU
		{E9810A9D-ADDC-410D-8FA6-85809AFFEDAC}.Release|Any CPU.ActiveCfg = Release|Any CPU
		{E9810A9D-ADDC-410D-8FA6-85809AFFEDAC}.Release|Any CPU.Build.0 = Release|Any CPU
	EndGlobalSection
	GlobalSection(SolutionProperties) = preSolution
		HideSolutionNode = FALSE
	EndGlobalSection
	GlobalSection(ExtensibilityGlobals) = postSolution
		SolutionGuid = {00DAECEC-F9BD-41EA-A700-2B0AAC36451E}
	EndGlobalSection
EndGlobal
