
Microsoft Visual Studio Solution File, Format Version 12.00
# Visual Studio Version 17
VisualStudioVersion = 17.10.35027.167
MinimumVisualStudioVersion = 10.0.40219.1
Project("{FAE04EC0-301F-11D3-BF4B-00C04F79EFBC}") = "PE_CastingMathAndDocumentation_Zhang", "PE_CastingMathAndDocumentation_Zhang\PE_CastingMathAndDocumentation_Zhang.csproj", "{B4B7503E-C72D-48AD-9AF1-43AC558996A1}"
EndProject
Global
	GlobalSection(SolutionConfigurationPlatforms) = preSolution
		Debug|Any CPU = Debug|Any CPU
		Release|Any CPU = Release|Any CPU
	EndGlobalSection
	GlobalSection(ProjectConfigurationPlatforms) = postSolution
		{B4B7503E-C72D-48AD-9AF1-43AC558996A1}.Debug|Any CPU.ActiveCfg = Debug|Any CPU
		{B4B7503E-C72D-48AD-9AF1-43AC558996A1}.Debug|Any CPU.Build.0 = Debug|Any CPU
		{B4B7503E-C72D-48AD-9AF1-43AC558996A1}.Release|Any CPU.ActiveCfg = Release|Any CPU
		{B4B7503E-C72D-48AD-9AF1-43AC558996A1}.Release|Any CPU.Build.0 = Release|Any CPU
	EndGlobalSection
	GlobalSection(SolutionProperties) = preSolution
		HideSolutionNode = FALSE
	EndGlobalSection
	GlobalSection(ExtensibilityGlobals) = postSolution
		SolutionGuid = {7B85F5DB-B458-4227-BAA8-B1078EE3AE32}
	EndGlobalSection
EndGlobal
